// !$*UTF8*$!
{
	archiveVersion = 1;
	classes = {
	};
	objectVersion = 46;
	objects = {

/* Begin PBXBuildFile section */
		9147A6EA1B2C697B00D21AC8 /* AppDelegate.swift in Sources */ = {isa = PBXBuildFile; fileRef = 9147A6E91B2C697B00D21AC8 /* AppDelegate.swift */; };
		9147A6EF1B2C697B00D21AC8 /* Main.storyboard in Resources */ = {isa = PBXBuildFile; fileRef = 9147A6ED1B2C697B00D21AC8 /* Main.storyboard */; };
		9147A6F11B2C697B00D21AC8 /* Images.xcassets in Resources */ = {isa = PBXBuildFile; fileRef = 9147A6F01B2C697B00D21AC8 /* Images.xcassets */; };
		9147A6F41B2C697B00D21AC8 /* LaunchScreen.xib in Resources */ = {isa = PBXBuildFile; fileRef = 9147A6F21B2C697B00D21AC8 /* LaunchScreen.xib */; };
		9147A7001B2C697B00D21AC8 /* CrystalClickCameraTests.swift in Sources */ = {isa = PBXBuildFile; fileRef = 9147A6FF1B2C697B00D21AC8 /* CrystalClickCameraTests.swift */; };
		9147A70A1B2C6CE400D21AC8 /* CameraViewController.swift in Sources */ = {isa = PBXBuildFile; fileRef = 9147A7091B2C6CE400D21AC8 /* CameraViewController.swift */; };
		9147A70C1B2C741100D21AC8 /* CameraButtons.swift in Sources */ = {isa = PBXBuildFile; fileRef = 9147A70B1B2C741100D21AC8 /* CameraButtons.swift */; };
		9147A70E1B2C8C1100D21AC8 /* PhotoCollectionViewCell.swift in Sources */ = {isa = PBXBuildFile; fileRef = 9147A70D1B2C8C1100D21AC8 /* PhotoCollectionViewCell.swift */; };
		9147A7101B2C8D4600D21AC8 /* WelcomeViewController.swift in Sources */ = {isa = PBXBuildFile; fileRef = 9147A70F1B2C8D4600D21AC8 /* WelcomeViewController.swift */; };
		9147A7121B2C91A400D21AC8 /* ScribbleViewController.swift in Sources */ = {isa = PBXBuildFile; fileRef = 9147A7111B2C91A400D21AC8 /* ScribbleViewController.swift */; };
		9147A7141B2CACEE00D21AC8 /* CameraDisplayView.swift in Sources */ = {isa = PBXBuildFile; fileRef = 9147A7131B2CACEE00D21AC8 /* CameraDisplayView.swift */; };
		9147A7181B2CB58300D21AC8 /* PhotoCollectionViewController.swift in Sources */ = {isa = PBXBuildFile; fileRef = 9147A7171B2CB58300D21AC8 /* PhotoCollectionViewController.swift */; };
		9147A71A1B2CBAB900D21AC8 /* ScribbleView.swift in Sources */ = {isa = PBXBuildFile; fileRef = 9147A7191B2CBAB900D21AC8 /* ScribbleView.swift */; };
/* End PBXBuildFile section */

/* Begin PBXContainerItemProxy section */
		9147A6FA1B2C697B00D21AC8 /* PBXContainerItemProxy */ = {
			isa = PBXContainerItemProxy;
			containerPortal = 9147A6DC1B2C697B00D21AC8 /* Project object */;
			proxyType = 1;
			remoteGlobalIDString = 9147A6E31B2C697B00D21AC8;
			remoteInfo = CrystalClickCamera;
		};
/* End PBXContainerItemProxy section */

/* Begin PBXFileReference section */
		9147A6E41B2C697B00D21AC8 /* CrystalClickCamera.app */ = {isa = PBXFileReference; explicitFileType = wrapper.application; includeInIndex = 0; path = CrystalClickCamera.app; sourceTree = BUILT_PRODUCTS_DIR; };
		9147A6E81B2C697B00D21AC8 /* Info.plist */ = {isa = PBXFileReference; lastKnownFileType = text.plist.xml; path = Info.plist; sourceTree = "<group>"; };
		9147A6E91B2C697B00D21AC8 /* AppDelegate.swift */ = {isa = PBXFileReference; lastKnownFileType = sourcecode.swift; path = AppDelegate.swift; sourceTree = "<group>"; };
		9147A6EE1B2C697B00D21AC8 /* Base */ = {isa = PBXFileReference; lastKnownFileType = file.storyboard; name = Base; path = Base.lproj/Main.storyboard; sourceTree = "<group>"; };
		9147A6F01B2C697B00D21AC8 /* Images.xcassets */ = {isa = PBXFileReference; lastKnownFileType = folder.assetcatalog; path = Images.xcassets; sourceTree = "<group>"; };
		9147A6F31B2C697B00D21AC8 /* Base */ = {isa = PBXFileReference; lastKnownFileType = file.xib; name = Base; path = Base.lproj/LaunchScreen.xib; sourceTree = "<group>"; };
		9147A6F91B2C697B00D21AC8 /* CrystalClickCameraTests.xctest */ = {isa = PBXFileReference; explicitFileType = wrapper.cfbundle; includeInIndex = 0; path = CrystalClickCameraTests.xctest; sourceTree = BUILT_PRODUCTS_DIR; };
		9147A6FE1B2C697B00D21AC8 /* Info.plist */ = {isa = PBXFileReference; lastKnownFileType = text.plist.xml; path = Info.plist; sourceTree = "<group>"; };
		9147A6FF1B2C697B00D21AC8 /* CrystalClickCameraTests.swift */ = {isa = PBXFileReference; lastKnownFileType = sourcecode.swift; path = CrystalClickCameraTests.swift; sourceTree = "<group>"; };
		9147A7091B2C6CE400D21AC8 /* CameraViewController.swift */ = {isa = PBXFileReference; fileEncoding = 4; lastKnownFileType = sourcecode.swift; path = CameraViewController.swift; sourceTree = "<group>"; };
		9147A70B1B2C741100D21AC8 /* CameraButtons.swift */ = {isa = PBXFileReference; fileEncoding = 4; lastKnownFileType = sourcecode.swift; path = CameraButtons.swift; sourceTree = "<group>"; };
		9147A70D1B2C8C1100D21AC8 /* PhotoCollectionViewCell.swift */ = {isa = PBXFileReference; fileEncoding = 4; lastKnownFileType = sourcecode.swift; path = PhotoCollectionViewCell.swift; sourceTree = "<group>"; };
		9147A70F1B2C8D4600D21AC8 /* WelcomeViewController.swift */ = {isa = PBXFileReference; fileEncoding = 4; lastKnownFileType = sourcecode.swift; path = WelcomeViewController.swift; sourceTree = "<group>"; };
		9147A7111B2C91A400D21AC8 /* ScribbleViewController.swift */ = {isa = PBXFileReference; fileEncoding = 4; lastKnownFileType = sourcecode.swift; path = ScribbleViewController.swift; sourceTree = "<group>"; };
		9147A7131B2CACEE00D21AC8 /* CameraDisplayView.swift */ = {isa = PBXFileReference; fileEncoding = 4; lastKnownFileType = sourcecode.swift; path = CameraDisplayView.swift; sourceTree = "<group>"; };
		9147A7171B2CB58300D21AC8 /* PhotoCollectionViewController.swift */ = {isa = PBXFileReference; fileEncoding = 4; lastKnownFileType = sourcecode.swift; path = PhotoCollectionViewController.swift; sourceTree = "<group>"; };
		9147A7191B2CBAB900D21AC8 /* ScribbleView.swift */ = {isa = PBXFileReference; fileEncoding = 4; lastKnownFileType = sourcecode.swift; path = ScribbleView.swift; sourceTree = "<group>"; };
/* End PBXFileReference section */

/* Begin PBXFrameworksBuildPhase section */
		9147A6E11B2C697B00D21AC8 /* Frameworks */ = {
			isa = PBXFrameworksBuildPhase;
			buildActionMask = 2147483647;
			files = (
			);
			runOnlyForDeploymentPostprocessing = 0;
		};
		9147A6F61B2C697B00D21AC8 /* Frameworks */ = {
			isa = PBXFrameworksBuildPhase;
			buildActionMask = 2147483647;
			files = (
			);
			runOnlyForDeploymentPostprocessing = 0;
		};
/* End PBXFrameworksBuildPhase section */

/* Begin PBXGroup section */
		9147A6DB1B2C697B00D21AC8 = {
			isa = PBXGroup;
			children = (
				9147A6E61B2C697B00D21AC8 /* CrystalClickCamera */,
				9147A6FC1B2C697B00D21AC8 /* CrystalClickCameraTests */,
				9147A6E51B2C697B00D21AC8 /* Products */,
			);
			sourceTree = "<group>";
		};
		9147A6E51B2C697B00D21AC8 /* Products */ = {
			isa = PBXGroup;
			children = (
				9147A6E41B2C697B00D21AC8 /* CrystalClickCamera.app */,
				9147A6F91B2C697B00D21AC8 /* CrystalClickCameraTests.xctest */,
			);
			name = Products;
			sourceTree = "<group>";
		};
		9147A6E61B2C697B00D21AC8 /* CrystalClickCamera */ = {
			isa = PBXGroup;
			children = (
				9147A6ED1B2C697B00D21AC8 /* Main.storyboard */,
				9147A7131B2CACEE00D21AC8 /* CameraDisplayView.swift */,
				9147A70F1B2C8D4600D21AC8 /* WelcomeViewController.swift */,
				9147A7091B2C6CE400D21AC8 /* CameraViewController.swift */,
				9147A70B1B2C741100D21AC8 /* CameraButtons.swift */,
				9147A7171B2CB58300D21AC8 /* PhotoCollectionViewController.swift */,
				9147A70D1B2C8C1100D21AC8 /* PhotoCollectionViewCell.swift */,
				9147A7191B2CBAB900D21AC8 /* ScribbleView.swift */,
				9147A7111B2C91A400D21AC8 /* ScribbleViewController.swift */,
				9147A6E71B2C697B00D21AC8 /* Supporting Files */,
			);
			path = CrystalClickCamera;
			sourceTree = "<group>";
		};
		9147A6E71B2C697B00D21AC8 /* Supporting Files */ = {
			isa = PBXGroup;
			children = (
				9147A6E91B2C697B00D21AC8 /* AppDelegate.swift */,
				9147A6F01B2C697B00D21AC8 /* Images.xcassets */,
				9147A6F21B2C697B00D21AC8 /* LaunchScreen.xib */,
				9147A6E81B2C697B00D21AC8 /* Info.plist */,
			);
			name = "Supporting Files";
			sourceTree = "<group>";
		};
		9147A6FC1B2C697B00D21AC8 /* CrystalClickCameraTests */ = {
			isa = PBXGroup;
			children = (
				9147A6FF1B2C697B00D21AC8 /* CrystalClickCameraTests.swift */,
				9147A6FD1B2C697B00D21AC8 /* Supporting Files */,
			);
			path = CrystalClickCameraTests;
			sourceTree = "<group>";
		};
		9147A6FD1B2C697B00D21AC8 /* Supporting Files */ = {
			isa = PBXGroup;
			children = (
				9147A6FE1B2C697B00D21AC8 /* Info.plist */,
			);
			name = "Supporting Files";
			sourceTree = "<group>";
		};
/* End PBXGroup section */

/* Begin PBXNativeTarget section */
		9147A6E31B2C697B00D21AC8 /* CrystalClickCamera */ = {
			isa = PBXNativeTarget;
			buildConfigurationList = 9147A7031B2C697B00D21AC8 /* Build configuration list for PBXNativeTarget "CrystalClickCamera" */;
			buildPhases = (
				9147A6E01B2C697B00D21AC8 /* Sources */,
				9147A6E11B2C697B00D21AC8 /* Frameworks */,
				9147A6E21B2C697B00D21AC8 /* Resources */,
			);
			buildRules = (
			);
			dependencies = (
			);
			name = CrystalClickCamera;
			productName = CrystalClickCamera;
			productReference = 9147A6E41B2C697B00D21AC8 /* CrystalClickCamera.app */;
			productType = "com.apple.product-type.application";
		};
		9147A6F81B2C697B00D21AC8 /* CrystalClickCameraTests */ = {
			isa = PBXNativeTarget;
			buildConfigurationList = 9147A7061B2C697B00D21AC8 /* Build configuration list for PBXNativeTarget "CrystalClickCameraTests" */;
			buildPhases = (
				9147A6F51B2C697B00D21AC8 /* Sources */,
				9147A6F61B2C697B00D21AC8 /* Frameworks */,
				9147A6F71B2C697B00D21AC8 /* Resources */,
			);
			buildRules = (
			);
			dependencies = (
				9147A6FB1B2C697B00D21AC8 /* PBXTargetDependency */,
			);
			name = CrystalClickCameraTests;
			productName = CrystalClickCameraTests;
			productReference = 9147A6F91B2C697B00D21AC8 /* CrystalClickCameraTests.xctest */;
			productType = "com.apple.product-type.bundle.unit-test";
		};
/* End PBXNativeTarget section */

/* Begin PBXProject section */
		9147A6DC1B2C697B00D21AC8 /* Project object */ = {
			isa = PBXProject;
			attributes = {
				LastUpgradeCheck = 0630;
				ORGANIZATIONNAME = "Kyle Brooks Robinson";
				TargetAttributes = {
					9147A6E31B2C697B00D21AC8 = {
						CreatedOnToolsVersion = 6.3.1;
					};
					9147A6F81B2C697B00D21AC8 = {
						CreatedOnToolsVersion = 6.3.1;
						TestTargetID = 9147A6E31B2C697B00D21AC8;
					};
				};
			};
			buildConfigurationList = 9147A6DF1B2C697B00D21AC8 /* Build configuration list for PBXProject "CrystalClickCamera" */;
			compatibilityVersion = "Xcode 3.2";
			developmentRegion = English;
			hasScannedForEncodings = 0;
			knownRegions = (
				en,
				Base,
			);
			mainGroup = 9147A6DB1B2C697B00D21AC8;
			productRefGroup = 9147A6E51B2C697B00D21AC8 /* Products */;
			projectDirPath = "";
			projectRoot = "";
			targets = (
				9147A6E31B2C697B00D21AC8 /* CrystalClickCamera */,
				9147A6F81B2C697B00D21AC8 /* CrystalClickCameraTests */,
			);
		};
/* End PBXProject section */

/* Begin PBXResourcesBuildPhase section */
		9147A6E21B2C697B00D21AC8 /* Resources */ = {
			isa = PBXResourcesBuildPhase;
			buildActionMask = 2147483647;
			files = (
				9147A6EF1B2C697B00D21AC8 /* Main.storyboard in Resources */,
				9147A6F41B2C697B00D21AC8 /* LaunchScreen.xib in Resources */,
				9147A6F11B2C697B00D21AC8 /* Images.xcassets in Resources */,
			);
			runOnlyForDeploymentPostprocessing = 0;
		};
		9147A6F71B2C697B00D21AC8 /* Resources */ = {
			isa = PBXResourcesBuildPhase;
			buildActionMask = 2147483647;
			files = (
			);
			runOnlyForDeploymentPostprocessing = 0;
		};
/* End PBXResourcesBuildPhase section */

/* Begin PBXSourcesBuildPhase section */
		9147A6E01B2C697B00D21AC8 /* Sources */ = {
			isa = PBXSourcesBuildPhase;
			buildActionMask = 2147483647;
			files = (
				9147A70E1B2C8C1100D21AC8 /* PhotoCollectionViewCell.swift in Sources */,
				9147A7121B2C91A400D21AC8 /* ScribbleViewController.swift in Sources */,
				9147A6EA1B2C697B00D21AC8 /* AppDelegate.swift in Sources */,
				9147A7141B2CACEE00D21AC8 /* CameraDisplayView.swift in Sources */,
				9147A7101B2C8D4600D21AC8 /* WelcomeViewController.swift in Sources */,
				9147A71A1B2CBAB900D21AC8 /* ScribbleView.swift in Sources */,
				9147A70C1B2C741100D21AC8 /* CameraButtons.swift in Sources */,
				9147A70A1B2C6CE400D21AC8 /* CameraViewController.swift in Sources */,
				9147A7181B2CB58300D21AC8 /* PhotoCollectionViewController.swift in Sources */,
			);
			runOnlyForDeploymentPostprocessing = 0;
		};
		9147A6F51B2C697B00D21AC8 /* Sources */ = {
			isa = PBXSourcesBuildPhase;
			buildActionMask = 2147483647;
			files = (
				9147A7001B2C697B00D21AC8 /* CrystalClickCameraTests.swift in Sources */,
			);
			runOnlyForDeploymentPostprocessing = 0;
		};
/* End PBXSourcesBuildPhase section */

/* Begin PBXTargetDependency section */
		9147A6FB1B2C697B00D21AC8 /* PBXTargetDependency */ = {
			isa = PBXTargetDependency;
			target = 9147A6E31B2C697B00D21AC8 /* CrystalClickCamera */;
			targetProxy = 9147A6FA1B2C697B00D21AC8 /* PBXContainerItemProxy */;
		};
/* End PBXTargetDependency section */

/* Begin PBXVariantGroup section */
		9147A6ED1B2C697B00D21AC8 /* Main.storyboard */ = {
			isa = PBXVariantGroup;
			children = (
				9147A6EE1B2C697B00D21AC8 /* Base */,
			);
			name = Main.storyboard;
			sourceTree = "<group>";
		};
		9147A6F21B2C697B00D21AC8 /* LaunchScreen.xib */ = {
			isa = PBXVariantGroup;
			children = (
				9147A6F31B2C697B00D21AC8 /* Base */,
			);
			name = LaunchScreen.xib;
			sourceTree = "<group>";
		};
/* End PBXVariantGroup section */

/* Begin XCBuildConfiguration section */
		9147A7011B2C697B00D21AC8 /* Debug */ = {
			isa = XCBuildConfiguration;
			buildSettings = {
				ALWAYS_SEARCH_USER_PATHS = NO;
				CLANG_CXX_LANGUAGE_STANDARD = "gnu++0x";
				CLANG_CXX_LIBRARY = "libc++";
				CLANG_ENABLE_MODULES = YES;
				CLANG_ENABLE_OBJC_ARC = YES;
				CLANG_WARN_BOOL_CONVERSION = YES;
				CLANG_WARN_CONSTANT_CONVERSION = YES;
				CLANG_WARN_DIRECT_OBJC_ISA_USAGE = YES_ERROR;
				CLANG_WARN_EMPTY_BODY = YES;
				CLANG_WARN_ENUM_CONVERSION = YES;
				CLANG_WARN_INT_CONVERSION = YES;
				CLANG_WARN_OBJC_ROOT_CLASS = YES_ERROR;
				CLANG_WARN_UNREACHABLE_CODE = YES;
				CLANG_WARN__DUPLICATE_METHOD_MATCH = YES;
				"CODE_SIGN_IDENTITY[sdk=iphoneos*]" = "iPhone Developer";
				COPY_PHASE_STRIP = NO;
				DEBUG_INFORMATION_FORMAT = "dwarf-with-dsym";
				ENABLE_STRICT_OBJC_MSGSEND = YES;
				GCC_C_LANGUAGE_STANDARD = gnu99;
				GCC_DYNAMIC_NO_PIC = NO;
				GCC_NO_COMMON_BLOCKS = YES;
				GCC_OPTIMIZATION_LEVEL = 0;
				GCC_PREPROCESSOR_DEFINITIONS = (
					"DEBUG=1",
					"$(inherited)",
				);
				GCC_SYMBOLS_PRIVATE_EXTERN = NO;
				GCC_WARN_64_TO_32_BIT_CONVERSION = YES;
				GCC_WARN_ABOUT_RETURN_TYPE = YES_ERROR;
				GCC_WARN_UNDECLARED_SELECTOR = YES;
				GCC_WARN_UNINITIALIZED_AUTOS = YES_AGGRESSIVE;
				GCC_WARN_UNUSED_FUNCTION = YES;
				GCC_WARN_UNUSED_VARIABLE = YES;
				IPHONEOS_DEPLOYMENT_TARGET = 8.3;
				MTL_ENABLE_DEBUG_INFO = YES;
				ONLY_ACTIVE_ARCH = YES;
				SDKROOT = iphoneos;
				SWIFT_OPTIMIZATION_LEVEL = "-Onone";
				TARGETED_DEVICE_FAMILY = "1,2";
			};
			name = Debug;
		};
		9147A7021B2C697B00D21AC8 /* Release */ = {
			isa = XCBuildConfiguration;
			buildSettings = {
				ALWAYS_SEARCH_USER_PATHS = NO;
				CLANG_CXX_LANGUAGE_STANDARD = "gnu++0x";
				CLANG_CXX_LIBRARY = "libc++";
				CLANG_ENABLE_MODULES = YES;
				CLANG_ENABLE_OBJC_ARC = YES;
				CLANG_WARN_BOOL_CONVERSION = YES;
				CLANG_WARN_CONSTANT_CONVERSION = YES;
				CLANG_WARN_DIRECT_OBJC_ISA_USAGE = YES_ERROR;
				CLANG_WARN_EMPTY_BODY = YES;
				CLANG_WARN_ENUM_CONVERSION = YES;
				CLANG_WARN_INT_CONVERSION = YES;
				CLANG_WARN_OBJC_ROOT_CLASS = YES_ERROR;
				CLANG_WARN_UNREACHABLE_CODE = YES;
				CLANG_WARN__DUPLICATE_METHOD_MATCH = YES;
				"CODE_SIGN_IDENTITY[sdk=iphoneos*]" = "iPhone Developer";
				COPY_PHASE_STRIP = NO;
				DEBUG_INFORMATION_FORMAT = "dwarf-with-dsym";
				ENABLE_NS_ASSERTIONS = NO;
				ENABLE_STRICT_OBJC_MSGSEND = YES;
				GCC_C_LANGUAGE_STANDARD = gnu99;
				GCC_NO_COMMON_BLOCKS = YES;
				GCC_WARN_64_TO_32_BIT_CONVERSION = YES;
				GCC_WARN_ABOUT_RETURN_TYPE = YES_ERROR;
				GCC_WARN_UNDECLARED_SELECTOR = YES;
				GCC_WARN_UNINITIALIZED_AUTOS = YES_AGGRESSIVE;
				GCC_WARN_UNUSED_FUNCTION = YES;
				GCC_WARN_UNUSED_VARIABLE = YES;
				IPHONEOS_DEPLOYMENT_TARGET = 8.3;
				MTL_ENABLE_DEBUG_INFO = NO;
				SDKROOT = iphoneos;
				TARGETED_DEVICE_FAMILY = "1,2";
				VALIDATE_PRODUCT = YES;
			};
			name = Release;
		};
		9147A7041B2C697B00D21AC8 /* Debug */ = {
			isa = XCBuildConfiguration;
			buildSettings = {
				ASSETCATALOG_COMPILER_APPICON_NAME = AppIcon;
				INFOPLIST_FILE = CrystalClickCamera/Info.plist;
				LD_RUNPATH_SEARCH_PATHS = "$(inherited) @executable_path/Frameworks";
				PRODUCT_NAME = "$(TARGET_NAME)";
			};
			name = Debug;
		};
		9147A7051B2C697B00D21AC8 /* Release */ = {
			isa = XCBuildConfiguration;
			buildSettings = {
				ASSETCATALOG_COMPILER_APPICON_NAME = AppIcon;
				INFOPLIST_FILE = CrystalClickCamera/Info.plist;
				LD_RUNPATH_SEARCH_PATHS = "$(inherited) @executable_path/Frameworks";
				PRODUCT_NAME = "$(TARGET_NAME)";
			};
			name = Release;
		};
		9147A7071B2C697B00D21AC8 /* Debug */ = {
			isa = XCBuildConfiguration;
			buildSettings = {
				BUNDLE_LOADER = "$(TEST_HOST)";
				FRAMEWORK_SEARCH_PATHS = (
					"$(SDKROOT)/Developer/Library/Frameworks",
					"$(inherited)",
				);
				GCC_PREPROCESSOR_DEFINITIONS = (
					"DEBUG=1",
					"$(inherited)",
				);
				INFOPLIST_FILE = CrystalClickCameraTests/Info.plist;
				LD_RUNPATH_SEARCH_PATHS = "$(inherited) @executable_path/Frameworks @loader_path/Frameworks";
				PRODUCT_NAME = "$(TARGET_NAME)";
				TEST_HOST = "$(BUILT_PRODUCTS_DIR)/CrystalClickCamera.app/CrystalClickCamera";
			};
			name = Debug;
		};
		9147A7081B2C697B00D21AC8 /* Release */ = {
			isa = XCBuildConfiguration;
			buildSettings = {
				BUNDLE_LOADER = "$(TEST_HOST)";
				FRAMEWORK_SEARCH_PATHS = (
					"$(SDKROOT)/Developer/Library/Frameworks",
					"$(inherited)",
				);
				INFOPLIST_FILE = CrystalClickCameraTests/Info.plist;
				LD_RUNPATH_SEARCH_PATHS = "$(inherited) @executable_path/Frameworks @loader_path/Frameworks";
				PRODUCT_NAME = "$(TARGET_NAME)";
				TEST_HOST = "$(BUILT_PRODUCTS_DIR)/CrystalClickCamera.app/CrystalClickCamera";
			};
			name = Release;
		};
/* End XCBuildConfiguration section */

/* Begin XCConfigurationList section */
		9147A6DF1B2C697B00D21AC8 /* Build configuration list for PBXProject "CrystalClickCamera" */ = {
			isa = XCConfigurationList;
			buildConfigurations = (
				9147A7011B2C697B00D21AC8 /* Debug */,
				9147A7021B2C697B00D21AC8 /* Release */,
			);
			defaultConfigurationIsVisible = 0;
			defaultConfigurationName = Release;
		};
		9147A7031B2C697B00D21AC8 /* Build configuration list for PBXNativeTarget "CrystalClickCamera" */ = {
			isa = XCConfigurationList;
			buildConfigurations = (
				9147A7041B2C697B00D21AC8 /* Debug */,
				9147A7051B2C697B00D21AC8 /* Release */,
			);
			defaultConfigurationIsVisible = 0;
			defaultConfigurationName = Release;
		};
		9147A7061B2C697B00D21AC8 /* Build configuration list for PBXNativeTarget "CrystalClickCameraTests" */ = {
			isa = XCConfigurationList;
			buildConfigurations = (
				9147A7071B2C697B00D21AC8 /* Debug */,
				9147A7081B2C697B00D21AC8 /* Release */,
			);
			defaultConfigurationIsVisible = 0;
			defaultConfigurationName = Release;
		};
/* End XCConfigurationList section */
	};
	rootObject = 9147A6DC1B2C697B00D21AC8 /* Project object */;
}
